
Microsoft Visual Studio Solution File, Format Version 12.00
# Visual Studio Version 17
VisualStudioVersion = 17.3.32825.248
MinimumVisualStudioVersion = 10.0.40219.1
Project("{FAE04EC0-301F-11D3-BF4B-00C04F79EFBC}") = "Syntax Sugar Excercise", "Syntax Sugar Excercise\Syntax Sugar Excercise.csproj", "{F932E631-B0FC-4087-A122-5733711AB4CC}"
EndProject
Global
	GlobalSection(SolutionConfigurationPlatforms) = preSolution
		Debug|Any CPU = Debug|Any CPU
		Release|Any CPU = Release|Any CPU
	EndGlobalSection
	GlobalSection(ProjectConfigurationPlatforms) = postSolution
		{F932E631-B0FC-4087-A122-5733711AB4CC}.Debug|Any CPU.ActiveCfg = Debug|Any CPU
		{F932E631-B0FC-4087-A122-5733711AB4CC}.Debug|Any CPU.Build.0 = Debug|Any CPU
		{F932E631-B0FC-4087-A122-5733711AB4CC}.Release|Any CPU.ActiveCfg = Release|Any CPU
		{F932E631-B0FC-4087-A122-5733711AB4CC}.Release|Any CPU.Build.0 = Release|Any CPU
	EndGlobalSection
	GlobalSection(SolutionProperties) = preSolution
		HideSolutionNode = FALSE
	EndGlobalSection
	GlobalSection(ExtensibilityGlobals) = postSolution
		SolutionGuid = {CB36B210-D7C8-4643-969E-ADE0E9ACBA53}
	EndGlobalSection
EndGlobal
